// !$*UTF8*$!
{
	archiveVersion = 1;
	classes = {
	};
	objectVersion = 56;
	objects = {

/* Begin PBXBuildFile section */
		3D37F3AC28F7AF5C00BDD35D /* FirebaseAnalytics in Frameworks */ = {isa = PBXBuildFile; productRef = 3D37F3AB28F7AF5C00BDD35D /* FirebaseAnalytics */; };
		3D37F3AE28F7AF5C00BDD35D /* FirebaseAnalyticsOnDeviceConversion in Frameworks */ = {isa = PBXBuildFile; productRef = 3D37F3AD28F7AF5C00BDD35D /* FirebaseAnalyticsOnDeviceConversion */; };
		3D37F3B028F7AF5C00BDD35D /* FirebaseAnalyticsSwift in Frameworks */ = {isa = PBXBuildFile; productRef = 3D37F3AF28F7AF5C00BDD35D /* FirebaseAnalyticsSwift */; };
		3D37F3B228F7AF5C00BDD35D /* FirebaseAnalyticsWithoutAdIdSupport in Frameworks */ = {isa = PBXBuildFile; productRef = 3D37F3B128F7AF5C00BDD35D /* FirebaseAnalyticsWithoutAdIdSupport */; };
		3D37F3B428F7AF5C00BDD35D /* FirebaseAppCheck in Frameworks */ = {isa = PBXBuildFile; productRef = 3D37F3B328F7AF5C00BDD35D /* FirebaseAppCheck */; };
		3D37F3B628F7AF5C00BDD35D /* FirebaseAppDistribution-Beta in Frameworks */ = {isa = PBXBuildFile; productRef = 3D37F3B528F7AF5C00BDD35D /* FirebaseAppDistribution-Beta */; };
		3D37F3B828F7AF5C00BDD35D /* FirebaseAuth in Frameworks */ = {isa = PBXBuildFile; productRef = 3D37F3B728F7AF5C00BDD35D /* FirebaseAuth */; };
		3D37F3BA28F7AF5C00BDD35D /* FirebaseAuthCombine-Community in Frameworks */ = {isa = PBXBuildFile; productRef = 3D37F3B928F7AF5C00BDD35D /* FirebaseAuthCombine-Community */; };
		3D37F3BC28F7AF5C00BDD35D /* FirebaseCrashlytics in Frameworks */ = {isa = PBXBuildFile; productRef = 3D37F3BB28F7AF5C00BDD35D /* FirebaseCrashlytics */; };
		3D37F3BE28F7AF5C00BDD35D /* FirebaseDatabase in Frameworks */ = {isa = PBXBuildFile; productRef = 3D37F3BD28F7AF5C00BDD35D /* FirebaseDatabase */; };
		3D37F3C028F7AF5C00BDD35D /* FirebaseDatabaseSwift in Frameworks */ = {isa = PBXBuildFile; productRef = 3D37F3BF28F7AF5C00BDD35D /* FirebaseDatabaseSwift */; };
		3D37F3C228F7AF5C00BDD35D /* FirebaseDynamicLinks in Frameworks */ = {isa = PBXBuildFile; productRef = 3D37F3C128F7AF5C00BDD35D /* FirebaseDynamicLinks */; };
		3D37F3C428F7AF5C00BDD35D /* FirebaseFirestore in Frameworks */ = {isa = PBXBuildFile; productRef = 3D37F3C328F7AF5C00BDD35D /* FirebaseFirestore */; };
		3D37F3C628F7AF5C00BDD35D /* FirebaseFirestoreCombine-Community in Frameworks */ = {isa = PBXBuildFile; productRef = 3D37F3C528F7AF5C00BDD35D /* FirebaseFirestoreCombine-Community */; };
		3D37F3C828F7AF5C00BDD35D /* FirebaseFirestoreSwift in Frameworks */ = {isa = PBXBuildFile; productRef = 3D37F3C728F7AF5C00BDD35D /* FirebaseFirestoreSwift */; };
		3D37F3CA28F7AF5C00BDD35D /* FirebaseFunctions in Frameworks */ = {isa = PBXBuildFile; productRef = 3D37F3C928F7AF5C00BDD35D /* FirebaseFunctions */; };
		3D37F3CC28F7AF5C00BDD35D /* FirebaseFunctionsCombine-Community in Frameworks */ = {isa = PBXBuildFile; productRef = 3D37F3CB28F7AF5C00BDD35D /* FirebaseFunctionsCombine-Community */; };
		3D37F3CE28F7AF5C00BDD35D /* FirebaseInAppMessaging-Beta in Frameworks */ = {isa = PBXBuildFile; productRef = 3D37F3CD28F7AF5C00BDD35D /* FirebaseInAppMessaging-Beta */; };
		3D37F3D028F7AF5C00BDD35D /* FirebaseInAppMessagingSwift-Beta in Frameworks */ = {isa = PBXBuildFile; productRef = 3D37F3CF28F7AF5C00BDD35D /* FirebaseInAppMessagingSwift-Beta */; };
		3D37F3D228F7AF5C00BDD35D /* FirebaseInstallations in Frameworks */ = {isa = PBXBuildFile; productRef = 3D37F3D128F7AF5C00BDD35D /* FirebaseInstallations */; };
		3D37F3D428F7AF5C00BDD35D /* FirebaseMLModelDownloader in Frameworks */ = {isa = PBXBuildFile; productRef = 3D37F3D328F7AF5C00BDD35D /* FirebaseMLModelDownloader */; };
		3D37F3D628F7AF5C00BDD35D /* FirebaseMessaging in Frameworks */ = {isa = PBXBuildFile; productRef = 3D37F3D528F7AF5C00BDD35D /* FirebaseMessaging */; };
		3D37F3D828F7AF5C00BDD35D /* FirebasePerformance in Frameworks */ = {isa = PBXBuildFile; productRef = 3D37F3D728F7AF5C00BDD35D /* FirebasePerformance */; };
		3D37F3DA28F7AF5C00BDD35D /* FirebaseRemoteConfig in Frameworks */ = {isa = PBXBuildFile; productRef = 3D37F3D928F7AF5C00BDD35D /* FirebaseRemoteConfig */; };
		3D37F3DC28F7AF5C00BDD35D /* FirebaseRemoteConfigSwift in Frameworks */ = {isa = PBXBuildFile; productRef = 3D37F3DB28F7AF5C00BDD35D /* FirebaseRemoteConfigSwift */; };
		3D37F3DE28F7AF5C00BDD35D /* FirebaseStorage in Frameworks */ = {isa = PBXBuildFile; productRef = 3D37F3DD28F7AF5C00BDD35D /* FirebaseStorage */; };
		3D37F3E028F7AF5C00BDD35D /* FirebaseStorageCombine-Community in Frameworks */ = {isa = PBXBuildFile; productRef = 3D37F3DF28F7AF5C00BDD35D /* FirebaseStorageCombine-Community */; };
		3D37F3E228F7B33400BDD35D /* LoginViewController.swift in Sources */ = {isa = PBXBuildFile; fileRef = 3D37F3E128F7B33400BDD35D /* LoginViewController.swift */; };
		3D37F3E428F7B34800BDD35D /* RegisterViewController.swift in Sources */ = {isa = PBXBuildFile; fileRef = 3D37F3E328F7B34800BDD35D /* RegisterViewController.swift */; };
		6706357428FEF0FA00EAE994 /* SettingsViewController.swift in Sources */ = {isa = PBXBuildFile; fileRef = 6706357328FEF0FA00EAE994 /* SettingsViewController.swift */; };
		6706357628FEF3AB00EAE994 /* SocialViewController.swift in Sources */ = {isa = PBXBuildFile; fileRef = 6706357528FEF3AB00EAE994 /* SocialViewController.swift */; };
		674B68D528FE3EAC00D1C363 /* HomeView.swift in Sources */ = {isa = PBXBuildFile; fileRef = 674B68D428FE3EAC00D1C363 /* HomeView.swift */; };
		67BF8E4C28F4C0F8002C2A7D /* AppDelegate.swift in Sources */ = {isa = PBXBuildFile; fileRef = 67BF8E4B28F4C0F8002C2A7D /* AppDelegate.swift */; };
		67BF8E4E28F4C0F8002C2A7D /* SceneDelegate.swift in Sources */ = {isa = PBXBuildFile; fileRef = 67BF8E4D28F4C0F8002C2A7D /* SceneDelegate.swift */; };
		67BF8E5028F4C0F8002C2A7D /* ViewController.swift in Sources */ = {isa = PBXBuildFile; fileRef = 67BF8E4F28F4C0F8002C2A7D /* ViewController.swift */; };
		67BF8E5328F4C0F8002C2A7D /* Main.storyboard in Resources */ = {isa = PBXBuildFile; fileRef = 67BF8E5128F4C0F8002C2A7D /* Main.storyboard */; };
		67BF8E5628F4C0F8002C2A7D /* MeetApp.xcdatamodeld in Sources */ = {isa = PBXBuildFile; fileRef = 67BF8E5428F4C0F8002C2A7D /* MeetApp.xcdatamodeld */; };
		67BF8E5828F4C0FB002C2A7D /* Assets.xcassets in Resources */ = {isa = PBXBuildFile; fileRef = 67BF8E5728F4C0FB002C2A7D /* Assets.xcassets */; };
		67BF8E5B28F4C0FB002C2A7D /* LaunchScreen.storyboard in Resources */ = {isa = PBXBuildFile; fileRef = 67BF8E5928F4C0FB002C2A7D /* LaunchScreen.storyboard */; };
		ED2F727E28FF727A0078EA18 /* README.md in Resources */ = {isa = PBXBuildFile; fileRef = ED2F727D28FF727A0078EA18 /* README.md */; };
		EDCE9A1B28FF4E6A00D4ED21 /* GoogleService-Info.plist in Resources */ = {isa = PBXBuildFile; fileRef = EDCE9A1A28FF4E6A00D4ED21 /* GoogleService-Info.plist */; };
/* End PBXBuildFile section */

/* Begin PBXFileReference section */
		3D37F3E128F7B33400BDD35D /* LoginViewController.swift */ = {isa = PBXFileReference; lastKnownFileType = sourcecode.swift; path = LoginViewController.swift; sourceTree = "<group>"; };
		3D37F3E328F7B34800BDD35D /* RegisterViewController.swift */ = {isa = PBXFileReference; lastKnownFileType = sourcecode.swift; path = RegisterViewController.swift; sourceTree = "<group>"; };
		6706357328FEF0FA00EAE994 /* SettingsViewController.swift */ = {isa = PBXFileReference; lastKnownFileType = sourcecode.swift; path = SettingsViewController.swift; sourceTree = "<group>"; };
		6706357528FEF3AB00EAE994 /* SocialViewController.swift */ = {isa = PBXFileReference; lastKnownFileType = sourcecode.swift; path = SocialViewController.swift; sourceTree = "<group>"; };
		674B68D428FE3EAC00D1C363 /* HomeView.swift */ = {isa = PBXFileReference; lastKnownFileType = sourcecode.swift; path = HomeView.swift; sourceTree = "<group>"; };
		67BF8E4828F4C0F8002C2A7D /* MeetApp.app */ = {isa = PBXFileReference; explicitFileType = wrapper.application; includeInIndex = 0; path = MeetApp.app; sourceTree = BUILT_PRODUCTS_DIR; };
		67BF8E4B28F4C0F8002C2A7D /* AppDelegate.swift */ = {isa = PBXFileReference; lastKnownFileType = sourcecode.swift; path = AppDelegate.swift; sourceTree = "<group>"; };
		67BF8E4D28F4C0F8002C2A7D /* SceneDelegate.swift */ = {isa = PBXFileReference; lastKnownFileType = sourcecode.swift; path = SceneDelegate.swift; sourceTree = "<group>"; };
		67BF8E4F28F4C0F8002C2A7D /* ViewController.swift */ = {isa = PBXFileReference; lastKnownFileType = sourcecode.swift; path = ViewController.swift; sourceTree = "<group>"; };
		67BF8E5228F4C0F8002C2A7D /* Base */ = {isa = PBXFileReference; lastKnownFileType = file.storyboard; name = Base; path = Base.lproj/Main.storyboard; sourceTree = "<group>"; };
		67BF8E5528F4C0F8002C2A7D /* MeetApp.xcdatamodel */ = {isa = PBXFileReference; lastKnownFileType = wrapper.xcdatamodel; path = MeetApp.xcdatamodel; sourceTree = "<group>"; };
		67BF8E5728F4C0FB002C2A7D /* Assets.xcassets */ = {isa = PBXFileReference; lastKnownFileType = folder.assetcatalog; path = Assets.xcassets; sourceTree = "<group>"; };
		67BF8E5A28F4C0FB002C2A7D /* Base */ = {isa = PBXFileReference; lastKnownFileType = file.storyboard; name = Base; path = Base.lproj/LaunchScreen.storyboard; sourceTree = "<group>"; };
		67BF8E5C28F4C0FB002C2A7D /* Info.plist */ = {isa = PBXFileReference; lastKnownFileType = text.plist.xml; path = Info.plist; sourceTree = "<group>"; };
		ED2F727D28FF727A0078EA18 /* README.md */ = {isa = PBXFileReference; lastKnownFileType = net.daringfireball.markdown; path = README.md; sourceTree = "<group>"; };
		EDCE9A1A28FF4E6A00D4ED21 /* GoogleService-Info.plist */ = {isa = PBXFileReference; fileEncoding = 4; lastKnownFileType = text.plist.xml; path = "GoogleService-Info.plist"; sourceTree = "<group>"; };
/* End PBXFileReference section */

/* Begin PBXFrameworksBuildPhase section */
		67BF8E4528F4C0F8002C2A7D /* Frameworks */ = {
			isa = PBXFrameworksBuildPhase;
			buildActionMask = 2147483647;
			files = (
				3D37F3BE28F7AF5C00BDD35D /* FirebaseDatabase in Frameworks */,
				3D37F3CC28F7AF5C00BDD35D /* FirebaseFunctionsCombine-Community in Frameworks */,
				3D37F3C428F7AF5C00BDD35D /* FirebaseFirestore in Frameworks */,
				3D37F3B028F7AF5C00BDD35D /* FirebaseAnalyticsSwift in Frameworks */,
				3D37F3AC28F7AF5C00BDD35D /* FirebaseAnalytics in Frameworks */,
				3D37F3AE28F7AF5C00BDD35D /* FirebaseAnalyticsOnDeviceConversion in Frameworks */,
				3D37F3D428F7AF5C00BDD35D /* FirebaseMLModelDownloader in Frameworks */,
				3D37F3C828F7AF5C00BDD35D /* FirebaseFirestoreSwift in Frameworks */,
				3D37F3B428F7AF5C00BDD35D /* FirebaseAppCheck in Frameworks */,
				3D37F3B228F7AF5C00BDD35D /* FirebaseAnalyticsWithoutAdIdSupport in Frameworks */,
				3D37F3B828F7AF5C00BDD35D /* FirebaseAuth in Frameworks */,
				3D37F3BC28F7AF5C00BDD35D /* FirebaseCrashlytics in Frameworks */,
				3D37F3DC28F7AF5C00BDD35D /* FirebaseRemoteConfigSwift in Frameworks */,
				3D37F3CE28F7AF5C00BDD35D /* FirebaseInAppMessaging-Beta in Frameworks */,
				3D37F3C028F7AF5C00BDD35D /* FirebaseDatabaseSwift in Frameworks */,
				3D37F3CA28F7AF5C00BDD35D /* FirebaseFunctions in Frameworks */,
				3D37F3E028F7AF5C00BDD35D /* FirebaseStorageCombine-Community in Frameworks */,
				3D37F3DA28F7AF5C00BDD35D /* FirebaseRemoteConfig in Frameworks */,
				3D37F3B628F7AF5C00BDD35D /* FirebaseAppDistribution-Beta in Frameworks */,
				3D37F3BA28F7AF5C00BDD35D /* FirebaseAuthCombine-Community in Frameworks */,
				3D37F3D828F7AF5C00BDD35D /* FirebasePerformance in Frameworks */,
				3D37F3D028F7AF5C00BDD35D /* FirebaseInAppMessagingSwift-Beta in Frameworks */,
				3D37F3DE28F7AF5C00BDD35D /* FirebaseStorage in Frameworks */,
				3D37F3C228F7AF5C00BDD35D /* FirebaseDynamicLinks in Frameworks */,
				3D37F3C628F7AF5C00BDD35D /* FirebaseFirestoreCombine-Community in Frameworks */,
				3D37F3D628F7AF5C00BDD35D /* FirebaseMessaging in Frameworks */,
				3D37F3D228F7AF5C00BDD35D /* FirebaseInstallations in Frameworks */,
			);
			runOnlyForDeploymentPostprocessing = 0;
		};
/* End PBXFrameworksBuildPhase section */

/* Begin PBXGroup section */
		67BF8E3F28F4C0F8002C2A7D = {
			isa = PBXGroup;
			children = (
				67BF8E4A28F4C0F8002C2A7D /* MeetApp */,
				67BF8E4928F4C0F8002C2A7D /* Products */,
			);
			sourceTree = "<group>";
		};
		67BF8E4928F4C0F8002C2A7D /* Products */ = {
			isa = PBXGroup;
			children = (
				67BF8E4828F4C0F8002C2A7D /* MeetApp.app */,
			);
			name = Products;
			sourceTree = "<group>";
		};
		67BF8E4A28F4C0F8002C2A7D /* MeetApp */ = {
			isa = PBXGroup;
			children = (
				67BF8E4B28F4C0F8002C2A7D /* AppDelegate.swift */,
				67BF8E4D28F4C0F8002C2A7D /* SceneDelegate.swift */,
				67BF8E4F28F4C0F8002C2A7D /* ViewController.swift */,
				674B68D428FE3EAC00D1C363 /* HomeView.swift */,
				6706357528FEF3AB00EAE994 /* SocialViewController.swift */,
				3D37F3E128F7B33400BDD35D /* LoginViewController.swift */,
				3D37F3E328F7B34800BDD35D /* RegisterViewController.swift */,
				67BF8E5128F4C0F8002C2A7D /* Main.storyboard */,
				6706357328FEF0FA00EAE994 /* SettingsViewController.swift */,
				ED2F727D28FF727A0078EA18 /* README.md */,
				67BF8E5728F4C0FB002C2A7D /* Assets.xcassets */,
				67BF8E5928F4C0FB002C2A7D /* LaunchScreen.storyboard */,
				67BF8E5C28F4C0FB002C2A7D /* Info.plist */,
				67BF8E5428F4C0F8002C2A7D /* MeetApp.xcdatamodeld */,
				EDCE9A1A28FF4E6A00D4ED21 /* GoogleService-Info.plist */,
			);
			path = MeetApp;
			sourceTree = "<group>";
		};
/* End PBXGroup section */

/* Begin PBXNativeTarget section */
		67BF8E4728F4C0F8002C2A7D /* MeetApp */ = {
			isa = PBXNativeTarget;
			buildConfigurationList = 67BF8E5F28F4C0FB002C2A7D /* Build configuration list for PBXNativeTarget "MeetApp" */;
			buildPhases = (
				67BF8E4428F4C0F8002C2A7D /* Sources */,
				67BF8E4528F4C0F8002C2A7D /* Frameworks */,
				67BF8E4628F4C0F8002C2A7D /* Resources */,
			);
			buildRules = (
			);
			dependencies = (
			);
			name = MeetApp;
			packageProductDependencies = (
				3D37F3AB28F7AF5C00BDD35D /* FirebaseAnalytics */,
				3D37F3AD28F7AF5C00BDD35D /* FirebaseAnalyticsOnDeviceConversion */,
				3D37F3AF28F7AF5C00BDD35D /* FirebaseAnalyticsSwift */,
				3D37F3B128F7AF5C00BDD35D /* FirebaseAnalyticsWithoutAdIdSupport */,
				3D37F3B328F7AF5C00BDD35D /* FirebaseAppCheck */,
				3D37F3B528F7AF5C00BDD35D /* FirebaseAppDistribution-Beta */,
				3D37F3B728F7AF5C00BDD35D /* FirebaseAuth */,
				3D37F3B928F7AF5C00BDD35D /* FirebaseAuthCombine-Community */,
				3D37F3BB28F7AF5C00BDD35D /* FirebaseCrashlytics */,
				3D37F3BD28F7AF5C00BDD35D /* FirebaseDatabase */,
				3D37F3BF28F7AF5C00BDD35D /* FirebaseDatabaseSwift */,
				3D37F3C128F7AF5C00BDD35D /* FirebaseDynamicLinks */,
				3D37F3C328F7AF5C00BDD35D /* FirebaseFirestore */,
				3D37F3C528F7AF5C00BDD35D /* FirebaseFirestoreCombine-Community */,
				3D37F3C728F7AF5C00BDD35D /* FirebaseFirestoreSwift */,
				3D37F3C928F7AF5C00BDD35D /* FirebaseFunctions */,
				3D37F3CB28F7AF5C00BDD35D /* FirebaseFunctionsCombine-Community */,
				3D37F3CD28F7AF5C00BDD35D /* FirebaseInAppMessaging-Beta */,
				3D37F3CF28F7AF5C00BDD35D /* FirebaseInAppMessagingSwift-Beta */,
				3D37F3D128F7AF5C00BDD35D /* FirebaseInstallations */,
				3D37F3D328F7AF5C00BDD35D /* FirebaseMLModelDownloader */,
				3D37F3D528F7AF5C00BDD35D /* FirebaseMessaging */,
				3D37F3D728F7AF5C00BDD35D /* FirebasePerformance */,
				3D37F3D928F7AF5C00BDD35D /* FirebaseRemoteConfig */,
				3D37F3DB28F7AF5C00BDD35D /* FirebaseRemoteConfigSwift */,
				3D37F3DD28F7AF5C00BDD35D /* FirebaseStorage */,
				3D37F3DF28F7AF5C00BDD35D /* FirebaseStorageCombine-Community */,
			);
			productName = MeetApp;
			productReference = 67BF8E4828F4C0F8002C2A7D /* MeetApp.app */;
			productType = "com.apple.product-type.application";
		};
/* End PBXNativeTarget section */

/* Begin PBXProject section */
		67BF8E4028F4C0F8002C2A7D /* Project object */ = {
			isa = PBXProject;
			attributes = {
				BuildIndependentTargetsInParallel = 1;
				LastSwiftUpdateCheck = 1400;
				LastUpgradeCheck = 1400;
				TargetAttributes = {
					67BF8E4728F4C0F8002C2A7D = {
						CreatedOnToolsVersion = 14.0.1;
					};
				};
			};
			buildConfigurationList = 67BF8E4328F4C0F8002C2A7D /* Build configuration list for PBXProject "MeetApp" */;
			compatibilityVersion = "Xcode 14.0";
			developmentRegion = en;
			hasScannedForEncodings = 0;
			knownRegions = (
				en,
				Base,
			);
			mainGroup = 67BF8E3F28F4C0F8002C2A7D;
			packageReferences = (
				3D37F3AA28F7AF5C00BDD35D /* XCRemoteSwiftPackageReference "firebase-ios-sdk" */,
			);
			productRefGroup = 67BF8E4928F4C0F8002C2A7D /* Products */;
			projectDirPath = "";
			projectRoot = "";
			targets = (
				67BF8E4728F4C0F8002C2A7D /* MeetApp */,
			);
		};
/* End PBXProject section */

/* Begin PBXResourcesBuildPhase section */
		67BF8E4628F4C0F8002C2A7D /* Resources */ = {
			isa = PBXResourcesBuildPhase;
			buildActionMask = 2147483647;
			files = (
				67BF8E5B28F4C0FB002C2A7D /* LaunchScreen.storyboard in Resources */,
				EDCE9A1B28FF4E6A00D4ED21 /* GoogleService-Info.plist in Resources */,
				ED2F727E28FF727A0078EA18 /* README.md in Resources */,
				67BF8E5828F4C0FB002C2A7D /* Assets.xcassets in Resources */,
				67BF8E5328F4C0F8002C2A7D /* Main.storyboard in Resources */,
			);
			runOnlyForDeploymentPostprocessing = 0;
		};
/* End PBXResourcesBuildPhase section */

/* Begin PBXSourcesBuildPhase section */
		67BF8E4428F4C0F8002C2A7D /* Sources */ = {
			isa = PBXSourcesBuildPhase;
			buildActionMask = 2147483647;
			files = (
				67BF8E5628F4C0F8002C2A7D /* MeetApp.xcdatamodeld in Sources */,
				674B68D528FE3EAC00D1C363 /* HomeView.swift in Sources */,
				67BF8E5028F4C0F8002C2A7D /* ViewController.swift in Sources */,
				67BF8E4C28F4C0F8002C2A7D /* AppDelegate.swift in Sources */,
				3D37F3E428F7B34800BDD35D /* RegisterViewController.swift in Sources */,
				3D37F3E228F7B33400BDD35D /* LoginViewController.swift in Sources */,
				6706357628FEF3AB00EAE994 /* SocialViewController.swift in Sources */,
				67BF8E4E28F4C0F8002C2A7D /* SceneDelegate.swift in Sources */,
				6706357428FEF0FA00EAE994 /* SettingsViewController.swift in Sources */,
			);
			runOnlyForDeploymentPostprocessing = 0;
		};
/* End PBXSourcesBuildPhase section */

/* Begin PBXVariantGroup section */
		67BF8E5128F4C0F8002C2A7D /* Main.storyboard */ = {
			isa = PBXVariantGroup;
			children = (
				67BF8E5228F4C0F8002C2A7D /* Base */,
			);
			name = Main.storyboard;
			sourceTree = "<group>";
		};
		67BF8E5928F4C0FB002C2A7D /* LaunchScreen.storyboard */ = {
			isa = PBXVariantGroup;
			children = (
				67BF8E5A28F4C0FB002C2A7D /* Base */,
			);
			name = LaunchScreen.storyboard;
			sourceTree = "<group>";
		};
/* End PBXVariantGroup section */

/* Begin XCBuildConfiguration section */
		67BF8E5D28F4C0FB002C2A7D /* Debug */ = {
			isa = XCBuildConfiguration;
			buildSettings = {
				ALWAYS_SEARCH_USER_PATHS = NO;
				CLANG_ANALYZER_NONNULL = YES;
				CLANG_ANALYZER_NUMBER_OBJECT_CONVERSION = YES_AGGRESSIVE;
				CLANG_CXX_LANGUAGE_STANDARD = "gnu++20";
				CLANG_ENABLE_MODULES = YES;
				CLANG_ENABLE_OBJC_ARC = YES;
				CLANG_ENABLE_OBJC_WEAK = YES;
				CLANG_WARN_BLOCK_CAPTURE_AUTORELEASING = YES;
				CLANG_WARN_BOOL_CONVERSION = YES;
				CLANG_WARN_COMMA = YES;
				CLANG_WARN_CONSTANT_CONVERSION = YES;
				CLANG_WARN_DEPRECATED_OBJC_IMPLEMENTATIONS = YES;
				CLANG_WARN_DIRECT_OBJC_ISA_USAGE = YES_ERROR;
				CLANG_WARN_DOCUMENTATION_COMMENTS = YES;
				CLANG_WARN_EMPTY_BODY = YES;
				CLANG_WARN_ENUM_CONVERSION = YES;
				CLANG_WARN_INFINITE_RECURSION = YES;
				CLANG_WARN_INT_CONVERSION = YES;
				CLANG_WARN_NON_LITERAL_NULL_CONVERSION = YES;
				CLANG_WARN_OBJC_IMPLICIT_RETAIN_SELF = YES;
				CLANG_WARN_OBJC_LITERAL_CONVERSION = YES;
				CLANG_WARN_OBJC_ROOT_CLASS = YES_ERROR;
				CLANG_WARN_QUOTED_INCLUDE_IN_FRAMEWORK_HEADER = YES;
				CLANG_WARN_RANGE_LOOP_ANALYSIS = YES;
				CLANG_WARN_STRICT_PROTOTYPES = YES;
				CLANG_WARN_SUSPICIOUS_MOVE = YES;
				CLANG_WARN_UNGUARDED_AVAILABILITY = YES_AGGRESSIVE;
				CLANG_WARN_UNREACHABLE_CODE = YES;
				CLANG_WARN__DUPLICATE_METHOD_MATCH = YES;
				COPY_PHASE_STRIP = NO;
				DEBUG_INFORMATION_FORMAT = dwarf;
				ENABLE_STRICT_OBJC_MSGSEND = YES;
				ENABLE_TESTABILITY = YES;
				GCC_C_LANGUAGE_STANDARD = gnu11;
				GCC_DYNAMIC_NO_PIC = NO;
				GCC_NO_COMMON_BLOCKS = YES;
				GCC_OPTIMIZATION_LEVEL = 0;
				GCC_PREPROCESSOR_DEFINITIONS = (
					"DEBUG=1",
					"$(inherited)",
				);
				GCC_WARN_64_TO_32_BIT_CONVERSION = YES;
				GCC_WARN_ABOUT_RETURN_TYPE = YES_ERROR;
				GCC_WARN_UNDECLARED_SELECTOR = YES;
				GCC_WARN_UNINITIALIZED_AUTOS = YES_AGGRESSIVE;
				GCC_WARN_UNUSED_FUNCTION = YES;
				GCC_WARN_UNUSED_VARIABLE = YES;
				IPHONEOS_DEPLOYMENT_TARGET = 16.0;
				MTL_ENABLE_DEBUG_INFO = INCLUDE_SOURCE;
				MTL_FAST_MATH = YES;
				ONLY_ACTIVE_ARCH = YES;
				SDKROOT = iphoneos;
				SWIFT_ACTIVE_COMPILATION_CONDITIONS = DEBUG;
				SWIFT_OPTIMIZATION_LEVEL = "-Onone";
			};
			name = Debug;
		};
		67BF8E5E28F4C0FB002C2A7D /* Release */ = {
			isa = XCBuildConfiguration;
			buildSettings = {
				ALWAYS_SEARCH_USER_PATHS = NO;
				CLANG_ANALYZER_NONNULL = YES;
				CLANG_ANALYZER_NUMBER_OBJECT_CONVERSION = YES_AGGRESSIVE;
				CLANG_CXX_LANGUAGE_STANDARD = "gnu++20";
				CLANG_ENABLE_MODULES = YES;
				CLANG_ENABLE_OBJC_ARC = YES;
				CLANG_ENABLE_OBJC_WEAK = YES;
				CLANG_WARN_BLOCK_CAPTURE_AUTORELEASING = YES;
				CLANG_WARN_BOOL_CONVERSION = YES;
				CLANG_WARN_COMMA = YES;
				CLANG_WARN_CONSTANT_CONVERSION = YES;
				CLANG_WARN_DEPRECATED_OBJC_IMPLEMENTATIONS = YES;
				CLANG_WARN_DIRECT_OBJC_ISA_USAGE = YES_ERROR;
				CLANG_WARN_DOCUMENTATION_COMMENTS = YES;
				CLANG_WARN_EMPTY_BODY = YES;
				CLANG_WARN_ENUM_CONVERSION = YES;
				CLANG_WARN_INFINITE_RECURSION = YES;
				CLANG_WARN_INT_CONVERSION = YES;
				CLANG_WARN_NON_LITERAL_NULL_CONVERSION = YES;
				CLANG_WARN_OBJC_IMPLICIT_RETAIN_SELF = YES;
				CLANG_WARN_OBJC_LITERAL_CONVERSION = YES;
				CLANG_WARN_OBJC_ROOT_CLASS = YES_ERROR;
				CLANG_WARN_QUOTED_INCLUDE_IN_FRAMEWORK_HEADER = YES;
				CLANG_WARN_RANGE_LOOP_ANALYSIS = YES;
				CLANG_WARN_STRICT_PROTOTYPES = YES;
				CLANG_WARN_SUSPICIOUS_MOVE = YES;
				CLANG_WARN_UNGUARDED_AVAILABILITY = YES_AGGRESSIVE;
				CLANG_WARN_UNREACHABLE_CODE = YES;
				CLANG_WARN__DUPLICATE_METHOD_MATCH = YES;
				COPY_PHASE_STRIP = NO;
				DEBUG_INFORMATION_FORMAT = "dwarf-with-dsym";
				ENABLE_NS_ASSERTIONS = NO;
				ENABLE_STRICT_OBJC_MSGSEND = YES;
				GCC_C_LANGUAGE_STANDARD = gnu11;
				GCC_NO_COMMON_BLOCKS = YES;
				GCC_WARN_64_TO_32_BIT_CONVERSION = YES;
				GCC_WARN_ABOUT_RETURN_TYPE = YES_ERROR;
				GCC_WARN_UNDECLARED_SELECTOR = YES;
				GCC_WARN_UNINITIALIZED_AUTOS = YES_AGGRESSIVE;
				GCC_WARN_UNUSED_FUNCTION = YES;
				GCC_WARN_UNUSED_VARIABLE = YES;
				IPHONEOS_DEPLOYMENT_TARGET = 16.0;
				MTL_ENABLE_DEBUG_INFO = NO;
				MTL_FAST_MATH = YES;
				SDKROOT = iphoneos;
				SWIFT_COMPILATION_MODE = wholemodule;
				SWIFT_OPTIMIZATION_LEVEL = "-O";
				VALIDATE_PRODUCT = YES;
			};
			name = Release;
		};
		67BF8E6028F4C0FB002C2A7D /* Debug */ = {
			isa = XCBuildConfiguration;
			buildSettings = {
				ASSETCATALOG_COMPILER_APPICON_NAME = AppIcon;
				ASSETCATALOG_COMPILER_GLOBAL_ACCENT_COLOR_NAME = AccentColor;
				CODE_SIGN_STYLE = Automatic;
				CURRENT_PROJECT_VERSION = 1;
				DEVELOPMENT_TEAM = 59JCQBKBHG;
				GENERATE_INFOPLIST_FILE = YES;
				INFOPLIST_FILE = MeetApp/Info.plist;
				INFOPLIST_KEY_UIApplicationSupportsIndirectInputEvents = YES;
				INFOPLIST_KEY_UILaunchStoryboardName = LaunchScreen;
				INFOPLIST_KEY_UIMainStoryboardFile = Main;
				INFOPLIST_KEY_UISupportedInterfaceOrientations_iPad = "UIInterfaceOrientationPortrait UIInterfaceOrientationPortraitUpsideDown UIInterfaceOrientationLandscapeLeft UIInterfaceOrientationLandscapeRight";
				INFOPLIST_KEY_UISupportedInterfaceOrientations_iPhone = "UIInterfaceOrientationPortrait UIInterfaceOrientationLandscapeLeft UIInterfaceOrientationLandscapeRight";
				LD_RUNPATH_SEARCH_PATHS = (
					"$(inherited)",
					"@executable_path/Frameworks",
				);
				MARKETING_VERSION = 1.0;
				PRODUCT_BUNDLE_IDENTIFIER = ankityande.MeetApp;
				PRODUCT_NAME = "$(TARGET_NAME)";
				SWIFT_EMIT_LOC_STRINGS = YES;
				SWIFT_VERSION = 5.0;
				TARGETED_DEVICE_FAMILY = "1,2";
			};
			name = Debug;
		};
		67BF8E6128F4C0FB002C2A7D /* Release */ = {
			isa = XCBuildConfiguration;
			buildSettings = {
				ASSETCATALOG_COMPILER_APPICON_NAME = AppIcon;
				ASSETCATALOG_COMPILER_GLOBAL_ACCENT_COLOR_NAME = AccentColor;
				CODE_SIGN_STYLE = Automatic;
				CURRENT_PROJECT_VERSION = 1;
				DEVELOPMENT_TEAM = 59JCQBKBHG;
				GENERATE_INFOPLIST_FILE = YES;
				INFOPLIST_FILE = MeetApp/Info.plist;
				INFOPLIST_KEY_UIApplicationSupportsIndirectInputEvents = YES;
				INFOPLIST_KEY_UILaunchStoryboardName = LaunchScreen;
				INFOPLIST_KEY_UIMainStoryboardFile = Main;
				INFOPLIST_KEY_UISupportedInterfaceOrientations_iPad = "UIInterfaceOrientationPortrait UIInterfaceOrientationPortraitUpsideDown UIInterfaceOrientationLandscapeLeft UIInterfaceOrientationLandscapeRight";
				INFOPLIST_KEY_UISupportedInterfaceOrientations_iPhone = "UIInterfaceOrientationPortrait UIInterfaceOrientationLandscapeLeft UIInterfaceOrientationLandscapeRight";
				LD_RUNPATH_SEARCH_PATHS = (
					"$(inherited)",
					"@executable_path/Frameworks",
				);
				MARKETING_VERSION = 1.0;
				PRODUCT_BUNDLE_IDENTIFIER = ankityande.MeetApp;
				PRODUCT_NAME = "$(TARGET_NAME)";
				SWIFT_EMIT_LOC_STRINGS = YES;
				SWIFT_VERSION = 5.0;
				TARGETED_DEVICE_FAMILY = "1,2";
			};
			name = Release;
		};
/* End XCBuildConfiguration section */

/* Begin XCConfigurationList section */
		67BF8E4328F4C0F8002C2A7D /* Build configuration list for PBXProject "MeetApp" */ = {
			isa = XCConfigurationList;
			buildConfigurations = (
				67BF8E5D28F4C0FB002C2A7D /* Debug */,
				67BF8E5E28F4C0FB002C2A7D /* Release */,
			);
			defaultConfigurationIsVisible = 0;
			defaultConfigurationName = Release;
		};
		67BF8E5F28F4C0FB002C2A7D /* Build configuration list for PBXNativeTarget "MeetApp" */ = {
			isa = XCConfigurationList;
			buildConfigurations = (
				67BF8E6028F4C0FB002C2A7D /* Debug */,
				67BF8E6128F4C0FB002C2A7D /* Release */,
			);
			defaultConfigurationIsVisible = 0;
			defaultConfigurationName = Release;
		};
/* End XCConfigurationList section */

/* Begin XCRemoteSwiftPackageReference section */
		3D37F3AA28F7AF5C00BDD35D /* XCRemoteSwiftPackageReference "firebase-ios-sdk" */ = {
			isa = XCRemoteSwiftPackageReference;
			repositoryURL = "https://github.com/firebase/firebase-ios-sdk";
			requirement = {
				kind = upToNextMajorVersion;
				minimumVersion = 9.0.0;
			};
		};
/* End XCRemoteSwiftPackageReference section */

/* Begin XCSwiftPackageProductDependency section */
		3D37F3AB28F7AF5C00BDD35D /* FirebaseAnalytics */ = {
			isa = XCSwiftPackageProductDependency;
			package = 3D37F3AA28F7AF5C00BDD35D /* XCRemoteSwiftPackageReference "firebase-ios-sdk" */;
			productName = FirebaseAnalytics;
		};
		3D37F3AD28F7AF5C00BDD35D /* FirebaseAnalyticsOnDeviceConversion */ = {
			isa = XCSwiftPackageProductDependency;
			package = 3D37F3AA28F7AF5C00BDD35D /* XCRemoteSwiftPackageReference "firebase-ios-sdk" */;
			productName = FirebaseAnalyticsOnDeviceConversion;
		};
		3D37F3AF28F7AF5C00BDD35D /* FirebaseAnalyticsSwift */ = {
			isa = XCSwiftPackageProductDependency;
			package = 3D37F3AA28F7AF5C00BDD35D /* XCRemoteSwiftPackageReference "firebase-ios-sdk" */;
			productName = FirebaseAnalyticsSwift;
		};
		3D37F3B128F7AF5C00BDD35D /* FirebaseAnalyticsWithoutAdIdSupport */ = {
			isa = XCSwiftPackageProductDependency;
			package = 3D37F3AA28F7AF5C00BDD35D /* XCRemoteSwiftPackageReference "firebase-ios-sdk" */;
			productName = FirebaseAnalyticsWithoutAdIdSupport;
		};
		3D37F3B328F7AF5C00BDD35D /* FirebaseAppCheck */ = {
			isa = XCSwiftPackageProductDependency;
			package = 3D37F3AA28F7AF5C00BDD35D /* XCRemoteSwiftPackageReference "firebase-ios-sdk" */;
			productName = FirebaseAppCheck;
		};
		3D37F3B528F7AF5C00BDD35D /* FirebaseAppDistribution-Beta */ = {
			isa = XCSwiftPackageProductDependency;
			package = 3D37F3AA28F7AF5C00BDD35D /* XCRemoteSwiftPackageReference "firebase-ios-sdk" */;
			productName = "FirebaseAppDistribution-Beta";
		};
		3D37F3B728F7AF5C00BDD35D /* FirebaseAuth */ = {
			isa = XCSwiftPackageProductDependency;
			package = 3D37F3AA28F7AF5C00BDD35D /* XCRemoteSwiftPackageReference "firebase-ios-sdk" */;
			productName = FirebaseAuth;
		};
		3D37F3B928F7AF5C00BDD35D /* FirebaseAuthCombine-Community */ = {
			isa = XCSwiftPackageProductDependency;
			package = 3D37F3AA28F7AF5C00BDD35D /* XCRemoteSwiftPackageReference "firebase-ios-sdk" */;
			productName = "FirebaseAuthCombine-Community";
		};
		3D37F3BB28F7AF5C00BDD35D /* FirebaseCrashlytics */ = {
			isa = XCSwiftPackageProductDependency;
			package = 3D37F3AA28F7AF5C00BDD35D /* XCRemoteSwiftPackageReference "firebase-ios-sdk" */;
			productName = FirebaseCrashlytics;
		};
		3D37F3BD28F7AF5C00BDD35D /* FirebaseDatabase */ = {
			isa = XCSwiftPackageProductDependency;
			package = 3D37F3AA28F7AF5C00BDD35D /* XCRemoteSwiftPackageReference "firebase-ios-sdk" */;
			productName = FirebaseDatabase;
		};
		3D37F3BF28F7AF5C00BDD35D /* FirebaseDatabaseSwift */ = {
			isa = XCSwiftPackageProductDependency;
			package = 3D37F3AA28F7AF5C00BDD35D /* XCRemoteSwiftPackageReference "firebase-ios-sdk" */;
			productName = FirebaseDatabaseSwift;
		};
		3D37F3C128F7AF5C00BDD35D /* FirebaseDynamicLinks */ = {
			isa = XCSwiftPackageProductDependency;
			package = 3D37F3AA28F7AF5C00BDD35D /* XCRemoteSwiftPackageReference "firebase-ios-sdk" */;
			productName = FirebaseDynamicLinks;
		};
		3D37F3C328F7AF5C00BDD35D /* FirebaseFirestore */ = {
			isa = XCSwiftPackageProductDependency;
			package = 3D37F3AA28F7AF5C00BDD35D /* XCRemoteSwiftPackageReference "firebase-ios-sdk" */;
			productName = FirebaseFirestore;
		};
		3D37F3C528F7AF5C00BDD35D /* FirebaseFirestoreCombine-Community */ = {
			isa = XCSwiftPackageProductDependency;
			package = 3D37F3AA28F7AF5C00BDD35D /* XCRemoteSwiftPackageReference "firebase-ios-sdk" */;
			productName = "FirebaseFirestoreCombine-Community";
		};
		3D37F3C728F7AF5C00BDD35D /* FirebaseFirestoreSwift */ = {
			isa = XCSwiftPackageProductDependency;
			package = 3D37F3AA28F7AF5C00BDD35D /* XCRemoteSwiftPackageReference "firebase-ios-sdk" */;
			productName = FirebaseFirestoreSwift;
		};
		3D37F3C928F7AF5C00BDD35D /* FirebaseFunctions */ = {
			isa = XCSwiftPackageProductDependency;
			package = 3D37F3AA28F7AF5C00BDD35D /* XCRemoteSwiftPackageReference "firebase-ios-sdk" */;
			productName = FirebaseFunctions;
		};
		3D37F3CB28F7AF5C00BDD35D /* FirebaseFunctionsCombine-Community */ = {
			isa = XCSwiftPackageProductDependency;
			package = 3D37F3AA28F7AF5C00BDD35D /* XCRemoteSwiftPackageReference "firebase-ios-sdk" */;
			productName = "FirebaseFunctionsCombine-Community";
		};
		3D37F3CD28F7AF5C00BDD35D /* FirebaseInAppMessaging-Beta */ = {
			isa = XCSwiftPackageProductDependency;
			package = 3D37F3AA28F7AF5C00BDD35D /* XCRemoteSwiftPackageReference "firebase-ios-sdk" */;
			productName = "FirebaseInAppMessaging-Beta";
		};
		3D37F3CF28F7AF5C00BDD35D /* FirebaseInAppMessagingSwift-Beta */ = {
			isa = XCSwiftPackageProductDependency;
			package = 3D37F3AA28F7AF5C00BDD35D /* XCRemoteSwiftPackageReference "firebase-ios-sdk" */;
			productName = "FirebaseInAppMessagingSwift-Beta";
		};
		3D37F3D128F7AF5C00BDD35D /* FirebaseInstallations */ = {
			isa = XCSwiftPackageProductDependency;
			package = 3D37F3AA28F7AF5C00BDD35D /* XCRemoteSwiftPackageReference "firebase-ios-sdk" */;
			productName = FirebaseInstallations;
		};
		3D37F3D328F7AF5C00BDD35D /* FirebaseMLModelDownloader */ = {
			isa = XCSwiftPackageProductDependency;
			package = 3D37F3AA28F7AF5C00BDD35D /* XCRemoteSwiftPackageReference "firebase-ios-sdk" */;
			productName = FirebaseMLModelDownloader;
		};
		3D37F3D528F7AF5C00BDD35D /* FirebaseMessaging */ = {
			isa = XCSwiftPackageProductDependency;
			package = 3D37F3AA28F7AF5C00BDD35D /* XCRemoteSwiftPackageReference "firebase-ios-sdk" */;
			productName = FirebaseMessaging;
		};
		3D37F3D728F7AF5C00BDD35D /* FirebasePerformance */ = {
			isa = XCSwiftPackageProductDependency;
			package = 3D37F3AA28F7AF5C00BDD35D /* XCRemoteSwiftPackageReference "firebase-ios-sdk" */;
			productName = FirebasePerformance;
		};
		3D37F3D928F7AF5C00BDD35D /* FirebaseRemoteConfig */ = {
			isa = XCSwiftPackageProductDependency;
			package = 3D37F3AA28F7AF5C00BDD35D /* XCRemoteSwiftPackageReference "firebase-ios-sdk" */;
			productName = FirebaseRemoteConfig;
		};
		3D37F3DB28F7AF5C00BDD35D /* FirebaseRemoteConfigSwift */ = {
			isa = XCSwiftPackageProductDependency;
			package = 3D37F3AA28F7AF5C00BDD35D /* XCRemoteSwiftPackageReference "firebase-ios-sdk" */;
			productName = FirebaseRemoteConfigSwift;
		};
		3D37F3DD28F7AF5C00BDD35D /* FirebaseStorage */ = {
			isa = XCSwiftPackageProductDependency;
			package = 3D37F3AA28F7AF5C00BDD35D /* XCRemoteSwiftPackageReference "firebase-ios-sdk" */;
			productName = FirebaseStorage;
		};
		3D37F3DF28F7AF5C00BDD35D /* FirebaseStorageCombine-Community */ = {
			isa = XCSwiftPackageProductDependency;
			package = 3D37F3AA28F7AF5C00BDD35D /* XCRemoteSwiftPackageReference "firebase-ios-sdk" */;
			productName = "FirebaseStorageCombine-Community";
		};
/* End XCSwiftPackageProductDependency section */

/* Begin XCVersionGroup section */
		67BF8E5428F4C0F8002C2A7D /* MeetApp.xcdatamodeld */ = {
			isa = XCVersionGroup;
			children = (
				67BF8E5528F4C0F8002C2A7D /* MeetApp.xcdatamodel */,
			);
			currentVersion = 67BF8E5528F4C0F8002C2A7D /* MeetApp.xcdatamodel */;
			path = MeetApp.xcdatamodeld;
			sourceTree = "<group>";
			versionGroupType = wrapper.xcdatamodel;
		};
/* End XCVersionGroup section */
	};
	rootObject = 67BF8E4028F4C0F8002C2A7D /* Project object */;
}
